// !$*UTF8*$!
{
	archiveVersion = 1;
	classes = {
	};
	objectVersion = 56;
	objects = {

/* Begin PBXBuildFile section */
		E438D69C2BB733D800BEC409 /* DelayRowView.swift in Sources */ = {isa = PBXBuildFile; fileRef = E438D69B2BB733D800BEC409 /* DelayRowView.swift */; };
		E438D69E2BB7383500BEC409 /* DelayRowListing.swift in Sources */ = {isa = PBXBuildFile; fileRef = E438D69D2BB7383500BEC409 /* DelayRowListing.swift */; };
		E48242B12BADCD84003096CF /* ConstructionTimer_V1_3App.swift in Sources */ = {isa = PBXBuildFile; fileRef = E48242B02BADCD84003096CF /* ConstructionTimer_V1_3App.swift */; };
		E48242B32BADCD84003096CF /* ContentView.swift in Sources */ = {isa = PBXBuildFile; fileRef = E48242B22BADCD84003096CF /* ContentView.swift */; };
		E48242B52BADCD85003096CF /* Assets.xcassets in Resources */ = {isa = PBXBuildFile; fileRef = E48242B42BADCD85003096CF /* Assets.xcassets */; };
		E48242B82BADCD85003096CF /* Preview Assets.xcassets in Resources */ = {isa = PBXBuildFile; fileRef = E48242B72BADCD85003096CF /* Preview Assets.xcassets */; };
		E48242C22BADCD85003096CF /* ConstructionTimer_V1_3Tests.swift in Sources */ = {isa = PBXBuildFile; fileRef = E48242C12BADCD85003096CF /* ConstructionTimer_V1_3Tests.swift */; };
		E48242CC2BADCD86003096CF /* ConstructionTimer_V1_3UITests.swift in Sources */ = {isa = PBXBuildFile; fileRef = E48242CB2BADCD85003096CF /* ConstructionTimer_V1_3UITests.swift */; };
		E48242CE2BADCD86003096CF /* ConstructionTimer_V1_3UITestsLaunchTests.swift in Sources */ = {isa = PBXBuildFile; fileRef = E48242CD2BADCD86003096CF /* ConstructionTimer_V1_3UITestsLaunchTests.swift */; };
		E48242E12BADCE8A003096CF /* ButtonStyleService.swift in Sources */ = {isa = PBXBuildFile; fileRef = E48242E02BADCE8A003096CF /* ButtonStyleService.swift */; };
		E48242E32BADCEE6003096CF /* VisualEffectBlur.swift in Sources */ = {isa = PBXBuildFile; fileRef = E48242E22BADCEE6003096CF /* VisualEffectBlur.swift */; };
		E48242E52BADCF19003096CF /* AppDelegate.swift in Sources */ = {isa = PBXBuildFile; fileRef = E48242E42BADCF19003096CF /* AppDelegate.swift */; };
		E48242E72BADCFF3003096CF /* TextFrameViewModifier.swift in Sources */ = {isa = PBXBuildFile; fileRef = E48242E62BADCFF3003096CF /* TextFrameViewModifier.swift */; };
		E48242EA2BADD07C003096CF /* CoreDataContainer.xcdatamodeld in Sources */ = {isa = PBXBuildFile; fileRef = E48242E82BADD07C003096CF /* CoreDataContainer.xcdatamodeld */; };
		E48242EC2BADD1C3003096CF /* TImeViewModel.swift in Sources */ = {isa = PBXBuildFile; fileRef = E48242EB2BADD1C3003096CF /* TImeViewModel.swift */; };
		E48242EE2BADD231003096CF /* JikanViewModel.swift in Sources */ = {isa = PBXBuildFile; fileRef = E48242ED2BADD231003096CF /* JikanViewModel.swift */; };
		E48242F02BADD2A4003096CF /* CoreDataViewModel.swift in Sources */ = {isa = PBXBuildFile; fileRef = E48242EF2BADD2A4003096CF /* CoreDataViewModel.swift */; };
		E48242F22BADD683003096CF /* ProgressRing.swift in Sources */ = {isa = PBXBuildFile; fileRef = E48242F12BADD683003096CF /* ProgressRing.swift */; };
		E48242F42BADD6D1003096CF /* NotificationCenter.swift in Sources */ = {isa = PBXBuildFile; fileRef = E48242F32BADD6D1003096CF /* NotificationCenter.swift */; };
		E48242F62BADD711003096CF /* JikanRing.swift in Sources */ = {isa = PBXBuildFile; fileRef = E48242F52BADD711003096CF /* JikanRing.swift */; };
		E48242F82BADD7B2003096CF /* OnboardingViewCell.swift in Sources */ = {isa = PBXBuildFile; fileRef = E48242F72BADD7B2003096CF /* OnboardingViewCell.swift */; };
		E48242FA2BADD808003096CF /* MessageView.swift in Sources */ = {isa = PBXBuildFile; fileRef = E48242F92BADD808003096CF /* MessageView.swift */; };
		E48242FC2BADD8DB003096CF /* TimerPickerView.swift in Sources */ = {isa = PBXBuildFile; fileRef = E48242FB2BADD8DB003096CF /* TimerPickerView.swift */; };
		E48242FE2BADD946003096CF /* TimerView.swift in Sources */ = {isa = PBXBuildFile; fileRef = E48242FD2BADD946003096CF /* TimerView.swift */; };
		E48243002BADDBFC003096CF /* JikanView.swift in Sources */ = {isa = PBXBuildFile; fileRef = E48242FF2BADDBFC003096CF /* JikanView.swift */; };
		E48243022BADDD83003096CF /* delayEnum.swift in Sources */ = {isa = PBXBuildFile; fileRef = E48243012BADDD83003096CF /* delayEnum.swift */; };
		E48243062BADE47A003096CF /* DelayListView.swift in Sources */ = {isa = PBXBuildFile; fileRef = E48243052BADE47A003096CF /* DelayListView.swift */; };
		E48243082BADE4BD003096CF /* MainTabView.swift in Sources */ = {isa = PBXBuildFile; fileRef = E48243072BADE4BD003096CF /* MainTabView.swift */; };
		E482430A2BADEA9F003096CF /* DelayListCell.swift in Sources */ = {isa = PBXBuildFile; fileRef = E48243092BADEA9F003096CF /* DelayListCell.swift */; };
		E49F8DDE2BBF4E0D00C642A1 /* CategoryCell.swift in Sources */ = {isa = PBXBuildFile; fileRef = E49F8DDD2BBF4E0D00C642A1 /* CategoryCell.swift */; };
		E49F8DE02BBF536600C642A1 /* UpdateDetailView.swift in Sources */ = {isa = PBXBuildFile; fileRef = E49F8DDF2BBF536600C642A1 /* UpdateDetailView.swift */; };
		E4BF3B4E2BDFEC2C001CCC58 /* GoogleService-Info.plist in Resources */ = {isa = PBXBuildFile; fileRef = E4BF3B4D2BDFEC2C001CCC58 /* GoogleService-Info.plist */; };
		E4BF3B502BDFEC97001CCC58 /* LoginViewModel.swift in Sources */ = {isa = PBXBuildFile; fileRef = E4BF3B4F2BDFEC97001CCC58 /* LoginViewModel.swift */; };
		E4BF3B592BDFEDA9001CCC58 /* AuthService.swift in Sources */ = {isa = PBXBuildFile; fileRef = E4BF3B582BDFEDA9001CCC58 /* AuthService.swift */; };
		E4BF3B5B2BDFEF10001CCC58 /* FirebaseAnalytics in Frameworks */ = {isa = PBXBuildFile; productRef = E4BF3B5A2BDFEF10001CCC58 /* FirebaseAnalytics */; };
		E4BF3B5D2BDFEF10001CCC58 /* FirebaseAnalyticsOnDeviceConversion in Frameworks */ = {isa = PBXBuildFile; productRef = E4BF3B5C2BDFEF10001CCC58 /* FirebaseAnalyticsOnDeviceConversion */; };
		E4BF3B5F2BDFEF10001CCC58 /* FirebaseAnalyticsSwift in Frameworks */ = {isa = PBXBuildFile; productRef = E4BF3B5E2BDFEF10001CCC58 /* FirebaseAnalyticsSwift */; };
		E4BF3B612BDFEF10001CCC58 /* FirebaseAnalyticsWithoutAdIdSupport in Frameworks */ = {isa = PBXBuildFile; productRef = E4BF3B602BDFEF10001CCC58 /* FirebaseAnalyticsWithoutAdIdSupport */; };
		E4BF3B632BDFEF10001CCC58 /* FirebaseAppCheck in Frameworks */ = {isa = PBXBuildFile; productRef = E4BF3B622BDFEF10001CCC58 /* FirebaseAppCheck */; };
		E4BF3B652BDFEF10001CCC58 /* FirebaseAppDistribution-Beta in Frameworks */ = {isa = PBXBuildFile; productRef = E4BF3B642BDFEF10001CCC58 /* FirebaseAppDistribution-Beta */; };
		E4BF3B672BDFEF10001CCC58 /* FirebaseAuth in Frameworks */ = {isa = PBXBuildFile; productRef = E4BF3B662BDFEF10001CCC58 /* FirebaseAuth */; };
		E4BF3B692BDFEF10001CCC58 /* FirebaseAuthCombine-Community in Frameworks */ = {isa = PBXBuildFile; productRef = E4BF3B682BDFEF10001CCC58 /* FirebaseAuthCombine-Community */; };
		E4BF3B6B2BDFEF10001CCC58 /* FirebaseCrashlytics in Frameworks */ = {isa = PBXBuildFile; productRef = E4BF3B6A2BDFEF10001CCC58 /* FirebaseCrashlytics */; };
		E4BF3B6D2BDFEF10001CCC58 /* FirebaseDatabase in Frameworks */ = {isa = PBXBuildFile; productRef = E4BF3B6C2BDFEF10001CCC58 /* FirebaseDatabase */; };
		E4BF3B6F2BDFEF10001CCC58 /* FirebaseDatabaseSwift in Frameworks */ = {isa = PBXBuildFile; productRef = E4BF3B6E2BDFEF10001CCC58 /* FirebaseDatabaseSwift */; };
		E4BF3B712BDFEF10001CCC58 /* FirebaseDynamicLinks in Frameworks */ = {isa = PBXBuildFile; productRef = E4BF3B702BDFEF10001CCC58 /* FirebaseDynamicLinks */; };
		E4BF3B732BDFEF10001CCC58 /* FirebaseFirestore in Frameworks */ = {isa = PBXBuildFile; productRef = E4BF3B722BDFEF10001CCC58 /* FirebaseFirestore */; };
		E4BF3B752BDFEF10001CCC58 /* FirebaseFirestoreCombine-Community in Frameworks */ = {isa = PBXBuildFile; productRef = E4BF3B742BDFEF10001CCC58 /* FirebaseFirestoreCombine-Community */; };
		E4BF3B772BDFEF10001CCC58 /* FirebaseFirestoreSwift in Frameworks */ = {isa = PBXBuildFile; productRef = E4BF3B762BDFEF10001CCC58 /* FirebaseFirestoreSwift */; };
		E4BF3B792BDFEF10001CCC58 /* FirebaseFunctions in Frameworks */ = {isa = PBXBuildFile; productRef = E4BF3B782BDFEF10001CCC58 /* FirebaseFunctions */; };
		E4BF3B7B2BDFEF10001CCC58 /* FirebaseFunctionsCombine-Community in Frameworks */ = {isa = PBXBuildFile; productRef = E4BF3B7A2BDFEF10001CCC58 /* FirebaseFunctionsCombine-Community */; };
		E4BF3B7D2BDFEF10001CCC58 /* FirebaseInAppMessaging-Beta in Frameworks */ = {isa = PBXBuildFile; productRef = E4BF3B7C2BDFEF10001CCC58 /* FirebaseInAppMessaging-Beta */; };
		E4BF3B7F2BDFEF10001CCC58 /* FirebaseInAppMessagingSwift-Beta in Frameworks */ = {isa = PBXBuildFile; productRef = E4BF3B7E2BDFEF10001CCC58 /* FirebaseInAppMessagingSwift-Beta */; };
		E4BF3B812BDFEF10001CCC58 /* FirebaseInstallations in Frameworks */ = {isa = PBXBuildFile; productRef = E4BF3B802BDFEF10001CCC58 /* FirebaseInstallations */; };
		E4BF3B832BDFEF10001CCC58 /* FirebaseMLModelDownloader in Frameworks */ = {isa = PBXBuildFile; productRef = E4BF3B822BDFEF10001CCC58 /* FirebaseMLModelDownloader */; };
		E4BF3B852BDFEF10001CCC58 /* FirebaseMessaging in Frameworks */ = {isa = PBXBuildFile; productRef = E4BF3B842BDFEF10001CCC58 /* FirebaseMessaging */; };
		E4BF3B872BDFEF10001CCC58 /* FirebasePerformance in Frameworks */ = {isa = PBXBuildFile; productRef = E4BF3B862BDFEF10001CCC58 /* FirebasePerformance */; };
		E4BF3B892BDFEF10001CCC58 /* FirebaseRemoteConfig in Frameworks */ = {isa = PBXBuildFile; productRef = E4BF3B882BDFEF10001CCC58 /* FirebaseRemoteConfig */; };
		E4BF3B8B2BDFEF10001CCC58 /* FirebaseRemoteConfigSwift in Frameworks */ = {isa = PBXBuildFile; productRef = E4BF3B8A2BDFEF10001CCC58 /* FirebaseRemoteConfigSwift */; };
		E4BF3B8D2BDFEF10001CCC58 /* FirebaseStorage in Frameworks */ = {isa = PBXBuildFile; productRef = E4BF3B8C2BDFEF10001CCC58 /* FirebaseStorage */; };
		E4BF3B8F2BDFEF10001CCC58 /* FirebaseStorageCombine-Community in Frameworks */ = {isa = PBXBuildFile; productRef = E4BF3B8E2BDFEF10001CCC58 /* FirebaseStorageCombine-Community */; };
		E4BF3B972BDFF0F3001CCC58 /* GoogleSignIn in Frameworks */ = {isa = PBXBuildFile; productRef = E4BF3B962BDFF0F3001CCC58 /* GoogleSignIn */; };
		E4BF3B992BDFF0F3001CCC58 /* GoogleSignInSwift in Frameworks */ = {isa = PBXBuildFile; productRef = E4BF3B982BDFF0F3001CCC58 /* GoogleSignInSwift */; };
		E4BF3B9B2BDFF1DD001CCC58 /* UserService.swift in Sources */ = {isa = PBXBuildFile; fileRef = E4BF3B9A2BDFF1DD001CCC58 /* UserService.swift */; };
		E4BF3B9D2BDFF247001CCC58 /* UserModel.swift in Sources */ = {isa = PBXBuildFile; fileRef = E4BF3B9C2BDFF247001CCC58 /* UserModel.swift */; };
		E4BF3B9F2BE00192001CCC58 /* RegistrationView.swift in Sources */ = {isa = PBXBuildFile; fileRef = E4BF3B9E2BE00192001CCC58 /* RegistrationView.swift */; };
		E4BF3BA12BE00208001CCC58 /* RegistrationViewModel.swift in Sources */ = {isa = PBXBuildFile; fileRef = E4BF3BA02BE00208001CCC58 /* RegistrationViewModel.swift */; };
		E4BF3BA42BE01BD7001CCC58 /* LoginView.swift in Sources */ = {isa = PBXBuildFile; fileRef = E4BF3BA32BE01BD7001CCC58 /* LoginView.swift */; };
		E4BF3BA62BE01EF9001CCC58 /* ResetPasswordView.swift in Sources */ = {isa = PBXBuildFile; fileRef = E4BF3BA52BE01EF9001CCC58 /* ResetPasswordView.swift */; };
/* End PBXBuildFile section */

/* Begin PBXContainerItemProxy section */
		E48242BE2BADCD85003096CF /* PBXContainerItemProxy */ = {
			isa = PBXContainerItemProxy;
			containerPortal = E48242A52BADCD84003096CF /* Project object */;
			proxyType = 1;
			remoteGlobalIDString = E48242AC2BADCD84003096CF;
			remoteInfo = "ConstructionTimer V1.3";
		};
		E48242C82BADCD85003096CF /* PBXContainerItemProxy */ = {
			isa = PBXContainerItemProxy;
			containerPortal = E48242A52BADCD84003096CF /* Project object */;
			proxyType = 1;
			remoteGlobalIDString = E48242AC2BADCD84003096CF;
			remoteInfo = "ConstructionTimer V1.3";
		};
/* End PBXContainerItemProxy section */

/* Begin PBXFileReference section */
		E438D69B2BB733D800BEC409 /* DelayRowView.swift */ = {isa = PBXFileReference; lastKnownFileType = sourcecode.swift; path = DelayRowView.swift; sourceTree = "<group>"; };
		E438D69D2BB7383500BEC409 /* DelayRowListing.swift */ = {isa = PBXFileReference; lastKnownFileType = sourcecode.swift; path = DelayRowListing.swift; sourceTree = "<group>"; };
		E48242AD2BADCD84003096CF /* ConstructionTimer V1.3.app */ = {isa = PBXFileReference; explicitFileType = wrapper.application; includeInIndex = 0; path = "ConstructionTimer V1.3.app"; sourceTree = BUILT_PRODUCTS_DIR; };
		E48242B02BADCD84003096CF /* ConstructionTimer_V1_3App.swift */ = {isa = PBXFileReference; lastKnownFileType = sourcecode.swift; path = ConstructionTimer_V1_3App.swift; sourceTree = "<group>"; };
		E48242B22BADCD84003096CF /* ContentView.swift */ = {isa = PBXFileReference; lastKnownFileType = sourcecode.swift; path = ContentView.swift; sourceTree = "<group>"; };
		E48242B42BADCD85003096CF /* Assets.xcassets */ = {isa = PBXFileReference; lastKnownFileType = folder.assetcatalog; path = Assets.xcassets; sourceTree = "<group>"; };
		E48242B72BADCD85003096CF /* Preview Assets.xcassets */ = {isa = PBXFileReference; lastKnownFileType = folder.assetcatalog; path = "Preview Assets.xcassets"; sourceTree = "<group>"; };
		E48242BD2BADCD85003096CF /* ConstructionTimer V1.3Tests.xctest */ = {isa = PBXFileReference; explicitFileType = wrapper.cfbundle; includeInIndex = 0; path = "ConstructionTimer V1.3Tests.xctest"; sourceTree = BUILT_PRODUCTS_DIR; };
		E48242C12BADCD85003096CF /* ConstructionTimer_V1_3Tests.swift */ = {isa = PBXFileReference; lastKnownFileType = sourcecode.swift; path = ConstructionTimer_V1_3Tests.swift; sourceTree = "<group>"; };
		E48242C72BADCD85003096CF /* ConstructionTimer V1.3UITests.xctest */ = {isa = PBXFileReference; explicitFileType = wrapper.cfbundle; includeInIndex = 0; path = "ConstructionTimer V1.3UITests.xctest"; sourceTree = BUILT_PRODUCTS_DIR; };
		E48242CB2BADCD85003096CF /* ConstructionTimer_V1_3UITests.swift */ = {isa = PBXFileReference; lastKnownFileType = sourcecode.swift; path = ConstructionTimer_V1_3UITests.swift; sourceTree = "<group>"; };
		E48242CD2BADCD86003096CF /* ConstructionTimer_V1_3UITestsLaunchTests.swift */ = {isa = PBXFileReference; lastKnownFileType = sourcecode.swift; path = ConstructionTimer_V1_3UITestsLaunchTests.swift; sourceTree = "<group>"; };
		E48242E02BADCE8A003096CF /* ButtonStyleService.swift */ = {isa = PBXFileReference; lastKnownFileType = sourcecode.swift; path = ButtonStyleService.swift; sourceTree = "<group>"; };
		E48242E22BADCEE6003096CF /* VisualEffectBlur.swift */ = {isa = PBXFileReference; lastKnownFileType = sourcecode.swift; path = VisualEffectBlur.swift; sourceTree = "<group>"; };
		E48242E42BADCF19003096CF /* AppDelegate.swift */ = {isa = PBXFileReference; lastKnownFileType = sourcecode.swift; path = AppDelegate.swift; sourceTree = "<group>"; };
		E48242E62BADCFF3003096CF /* TextFrameViewModifier.swift */ = {isa = PBXFileReference; lastKnownFileType = sourcecode.swift; path = TextFrameViewModifier.swift; sourceTree = "<group>"; };
		E48242E92BADD07C003096CF /* CoreDataContainer.xcdatamodel */ = {isa = PBXFileReference; lastKnownFileType = wrapper.xcdatamodel; path = CoreDataContainer.xcdatamodel; sourceTree = "<group>"; };
		E48242EB2BADD1C3003096CF /* TImeViewModel.swift */ = {isa = PBXFileReference; lastKnownFileType = sourcecode.swift; path = TImeViewModel.swift; sourceTree = "<group>"; };
		E48242ED2BADD231003096CF /* JikanViewModel.swift */ = {isa = PBXFileReference; lastKnownFileType = sourcecode.swift; path = JikanViewModel.swift; sourceTree = "<group>"; };
		E48242EF2BADD2A4003096CF /* CoreDataViewModel.swift */ = {isa = PBXFileReference; lastKnownFileType = sourcecode.swift; path = CoreDataViewModel.swift; sourceTree = "<group>"; };
		E48242F12BADD683003096CF /* ProgressRing.swift */ = {isa = PBXFileReference; lastKnownFileType = sourcecode.swift; path = ProgressRing.swift; sourceTree = "<group>"; };
		E48242F32BADD6D1003096CF /* NotificationCenter.swift */ = {isa = PBXFileReference; lastKnownFileType = sourcecode.swift; path = NotificationCenter.swift; sourceTree = "<group>"; };
		E48242F52BADD711003096CF /* JikanRing.swift */ = {isa = PBXFileReference; lastKnownFileType = sourcecode.swift; path = JikanRing.swift; sourceTree = "<group>"; };
		E48242F72BADD7B2003096CF /* OnboardingViewCell.swift */ = {isa = PBXFileReference; lastKnownFileType = sourcecode.swift; path = OnboardingViewCell.swift; sourceTree = "<group>"; };
		E48242F92BADD808003096CF /* MessageView.swift */ = {isa = PBXFileReference; lastKnownFileType = sourcecode.swift; path = MessageView.swift; sourceTree = "<group>"; };
		E48242FB2BADD8DB003096CF /* TimerPickerView.swift */ = {isa = PBXFileReference; lastKnownFileType = sourcecode.swift; path = TimerPickerView.swift; sourceTree = "<group>"; };
		E48242FD2BADD946003096CF /* TimerView.swift */ = {isa = PBXFileReference; lastKnownFileType = sourcecode.swift; path = TimerView.swift; sourceTree = "<group>"; };
		E48242FF2BADDBFC003096CF /* JikanView.swift */ = {isa = PBXFileReference; lastKnownFileType = sourcecode.swift; path = JikanView.swift; sourceTree = "<group>"; };
		E48243012BADDD83003096CF /* delayEnum.swift */ = {isa = PBXFileReference; lastKnownFileType = sourcecode.swift; path = delayEnum.swift; sourceTree = "<group>"; };
		E48243052BADE47A003096CF /* DelayListView.swift */ = {isa = PBXFileReference; lastKnownFileType = sourcecode.swift; path = DelayListView.swift; sourceTree = "<group>"; };
		E48243072BADE4BD003096CF /* MainTabView.swift */ = {isa = PBXFileReference; lastKnownFileType = sourcecode.swift; path = MainTabView.swift; sourceTree = "<group>"; };
		E48243092BADEA9F003096CF /* DelayListCell.swift */ = {isa = PBXFileReference; lastKnownFileType = sourcecode.swift; path = DelayListCell.swift; sourceTree = "<group>"; };
		E49F8DDD2BBF4E0D00C642A1 /* CategoryCell.swift */ = {isa = PBXFileReference; lastKnownFileType = sourcecode.swift; path = CategoryCell.swift; sourceTree = "<group>"; };
		E49F8DDF2BBF536600C642A1 /* UpdateDetailView.swift */ = {isa = PBXFileReference; lastKnownFileType = sourcecode.swift; path = UpdateDetailView.swift; sourceTree = "<group>"; };
		E4BF3B4D2BDFEC2C001CCC58 /* GoogleService-Info.plist */ = {isa = PBXFileReference; fileEncoding = 4; lastKnownFileType = text.plist.xml; path = "GoogleService-Info.plist"; sourceTree = "<group>"; };
		E4BF3B4F2BDFEC97001CCC58 /* LoginViewModel.swift */ = {isa = PBXFileReference; lastKnownFileType = sourcecode.swift; path = LoginViewModel.swift; sourceTree = "<group>"; };
		E4BF3B582BDFEDA9001CCC58 /* AuthService.swift */ = {isa = PBXFileReference; lastKnownFileType = sourcecode.swift; path = AuthService.swift; sourceTree = "<group>"; };
		E4BF3B9A2BDFF1DD001CCC58 /* UserService.swift */ = {isa = PBXFileReference; lastKnownFileType = sourcecode.swift; path = UserService.swift; sourceTree = "<group>"; };
		E4BF3B9C2BDFF247001CCC58 /* UserModel.swift */ = {isa = PBXFileReference; lastKnownFileType = sourcecode.swift; path = UserModel.swift; sourceTree = "<group>"; };
		E4BF3B9E2BE00192001CCC58 /* RegistrationView.swift */ = {isa = PBXFileReference; lastKnownFileType = sourcecode.swift; path = RegistrationView.swift; sourceTree = "<group>"; };
		E4BF3BA02BE00208001CCC58 /* RegistrationViewModel.swift */ = {isa = PBXFileReference; lastKnownFileType = sourcecode.swift; path = RegistrationViewModel.swift; sourceTree = "<group>"; };
		E4BF3BA32BE01BD7001CCC58 /* LoginView.swift */ = {isa = PBXFileReference; lastKnownFileType = sourcecode.swift; path = LoginView.swift; sourceTree = "<group>"; };
		E4BF3BA52BE01EF9001CCC58 /* ResetPasswordView.swift */ = {isa = PBXFileReference; lastKnownFileType = sourcecode.swift; path = ResetPasswordView.swift; sourceTree = "<group>"; };
/* End PBXFileReference section */

/* Begin PBXFrameworksBuildPhase section */
		E48242AA2BADCD84003096CF /* Frameworks */ = {
			isa = PBXFrameworksBuildPhase;
			buildActionMask = 2147483647;
			files = (
				E4BF3B6D2BDFEF10001CCC58 /* FirebaseDatabase in Frameworks */,
				E4BF3B7B2BDFEF10001CCC58 /* FirebaseFunctionsCombine-Community in Frameworks */,
				E4BF3B732BDFEF10001CCC58 /* FirebaseFirestore in Frameworks */,
				E4BF3B5F2BDFEF10001CCC58 /* FirebaseAnalyticsSwift in Frameworks */,
				E4BF3B5B2BDFEF10001CCC58 /* FirebaseAnalytics in Frameworks */,
				E4BF3B5D2BDFEF10001CCC58 /* FirebaseAnalyticsOnDeviceConversion in Frameworks */,
				E4BF3B832BDFEF10001CCC58 /* FirebaseMLModelDownloader in Frameworks */,
				E4BF3B992BDFF0F3001CCC58 /* GoogleSignInSwift in Frameworks */,
				E4BF3B772BDFEF10001CCC58 /* FirebaseFirestoreSwift in Frameworks */,
				E4BF3B632BDFEF10001CCC58 /* FirebaseAppCheck in Frameworks */,
				E4BF3B612BDFEF10001CCC58 /* FirebaseAnalyticsWithoutAdIdSupport in Frameworks */,
				E4BF3B672BDFEF10001CCC58 /* FirebaseAuth in Frameworks */,
				E4BF3B6B2BDFEF10001CCC58 /* FirebaseCrashlytics in Frameworks */,
				E4BF3B8B2BDFEF10001CCC58 /* FirebaseRemoteConfigSwift in Frameworks */,
				E4BF3B972BDFF0F3001CCC58 /* GoogleSignIn in Frameworks */,
				E4BF3B7D2BDFEF10001CCC58 /* FirebaseInAppMessaging-Beta in Frameworks */,
				E4BF3B6F2BDFEF10001CCC58 /* FirebaseDatabaseSwift in Frameworks */,
				E4BF3B792BDFEF10001CCC58 /* FirebaseFunctions in Frameworks */,
				E4BF3B8F2BDFEF10001CCC58 /* FirebaseStorageCombine-Community in Frameworks */,
				E4BF3B892BDFEF10001CCC58 /* FirebaseRemoteConfig in Frameworks */,
				E4BF3B652BDFEF10001CCC58 /* FirebaseAppDistribution-Beta in Frameworks */,
				E4BF3B692BDFEF10001CCC58 /* FirebaseAuthCombine-Community in Frameworks */,
				E4BF3B872BDFEF10001CCC58 /* FirebasePerformance in Frameworks */,
				E4BF3B7F2BDFEF10001CCC58 /* FirebaseInAppMessagingSwift-Beta in Frameworks */,
				E4BF3B8D2BDFEF10001CCC58 /* FirebaseStorage in Frameworks */,
				E4BF3B712BDFEF10001CCC58 /* FirebaseDynamicLinks in Frameworks */,
				E4BF3B752BDFEF10001CCC58 /* FirebaseFirestoreCombine-Community in Frameworks */,
				E4BF3B852BDFEF10001CCC58 /* FirebaseMessaging in Frameworks */,
				E4BF3B812BDFEF10001CCC58 /* FirebaseInstallations in Frameworks */,
			);
			runOnlyForDeploymentPostprocessing = 0;
		};
		E48242BA2BADCD85003096CF /* Frameworks */ = {
			isa = PBXFrameworksBuildPhase;
			buildActionMask = 2147483647;
			files = (
			);
			runOnlyForDeploymentPostprocessing = 0;
		};
		E48242C42BADCD85003096CF /* Frameworks */ = {
			isa = PBXFrameworksBuildPhase;
			buildActionMask = 2147483647;
			files = (
			);
			runOnlyForDeploymentPostprocessing = 0;
		};
/* End PBXFrameworksBuildPhase section */

/* Begin PBXGroup section */
		E48242A42BADCD84003096CF = {
			isa = PBXGroup;
			children = (
				E48242AF2BADCD84003096CF /* ConstructionTimer V1.3 */,
				E48242C02BADCD85003096CF /* ConstructionTimer V1.3Tests */,
				E48242CA2BADCD85003096CF /* ConstructionTimer V1.3UITests */,
				E48242AE2BADCD84003096CF /* Products */,
				E4BF3B422BDFEA56001CCC58 /* Frameworks */,
			);
			sourceTree = "<group>";
		};
		E48242AE2BADCD84003096CF /* Products */ = {
			isa = PBXGroup;
			children = (
				E48242AD2BADCD84003096CF /* ConstructionTimer V1.3.app */,
				E48242BD2BADCD85003096CF /* ConstructionTimer V1.3Tests.xctest */,
				E48242C72BADCD85003096CF /* ConstructionTimer V1.3UITests.xctest */,
			);
			name = Products;
			sourceTree = "<group>";
		};
		E48242AF2BADCD84003096CF /* ConstructionTimer V1.3 */ = {
			isa = PBXGroup;
			children = (
				E48242B02BADCD84003096CF /* ConstructionTimer_V1_3App.swift */,
				E48242B22BADCD84003096CF /* ContentView.swift */,
				E48242DA2BADCDE5003096CF /* Components */,
				E48242DC2BADCE0D003096CF /* Extensions */,
				E48242DE2BADCE4A003096CF /* Model */,
				E4BF3BA22BE01BA1001CCC58 /* Root */,
				E4BF3B572BDFED70001CCC58 /* Service */,
				E48242DB2BADCDF3003096CF /* Systems */,
				E48242DD2BADCE26003096CF /* View */,
				E48242DF2BADCE5B003096CF /* ViewModel */,
				E48242B62BADCD85003096CF /* Preview Content */,
				E48242B42BADCD85003096CF /* Assets.xcassets */,
				E4BF3B4D2BDFEC2C001CCC58 /* GoogleService-Info.plist */,
			);
			path = "ConstructionTimer V1.3";
			sourceTree = "<group>";
		};
		E48242B62BADCD85003096CF /* Preview Content */ = {
			isa = PBXGroup;
			children = (
				E48242B72BADCD85003096CF /* Preview Assets.xcassets */,
			);
			path = "Preview Content";
			sourceTree = "<group>";
		};
		E48242C02BADCD85003096CF /* ConstructionTimer V1.3Tests */ = {
			isa = PBXGroup;
			children = (
				E48242C12BADCD85003096CF /* ConstructionTimer_V1_3Tests.swift */,
			);
			path = "ConstructionTimer V1.3Tests";
			sourceTree = "<group>";
		};
		E48242CA2BADCD85003096CF /* ConstructionTimer V1.3UITests */ = {
			isa = PBXGroup;
			children = (
				E48242CB2BADCD85003096CF /* ConstructionTimer_V1_3UITests.swift */,
				E48242CD2BADCD86003096CF /* ConstructionTimer_V1_3UITestsLaunchTests.swift */,
			);
			path = "ConstructionTimer V1.3UITests";
			sourceTree = "<group>";
		};
		E48242DA2BADCDE5003096CF /* Components */ = {
			isa = PBXGroup;
			children = (
				E48242E02BADCE8A003096CF /* ButtonStyleService.swift */,
				E48242F52BADD711003096CF /* JikanRing.swift */,
				E48242F12BADD683003096CF /* ProgressRing.swift */,
			);
			path = Components;
			sourceTree = "<group>";
		};
		E48242DB2BADCDF3003096CF /* Systems */ = {
			isa = PBXGroup;
			children = (
				E48242F32BADD6D1003096CF /* NotificationCenter.swift */,
				E48242E42BADCF19003096CF /* AppDelegate.swift */,
				E48242E82BADD07C003096CF /* CoreDataContainer.xcdatamodeld */,
			);
			path = Systems;
			sourceTree = "<group>";
		};
		E48242DC2BADCE0D003096CF /* Extensions */ = {
			isa = PBXGroup;
			children = (
				E48242E22BADCEE6003096CF /* VisualEffectBlur.swift */,
				E48242E62BADCFF3003096CF /* TextFrameViewModifier.swift */,
			);
			path = Extensions;
			sourceTree = "<group>";
		};
		E48242DD2BADCE26003096CF /* View */ = {
			isa = PBXGroup;
			children = (
				E48242FF2BADDBFC003096CF /* JikanView.swift */,
				E48243052BADE47A003096CF /* DelayListView.swift */,
				E49F8DDD2BBF4E0D00C642A1 /* CategoryCell.swift */,
				E49F8DDF2BBF536600C642A1 /* UpdateDetailView.swift */,
				E48243092BADEA9F003096CF /* DelayListCell.swift */,
				E438D69B2BB733D800BEC409 /* DelayRowView.swift */,
				E438D69D2BB7383500BEC409 /* DelayRowListing.swift */,
				E48243072BADE4BD003096CF /* MainTabView.swift */,
				E48242F92BADD808003096CF /* MessageView.swift */,
				E48242F72BADD7B2003096CF /* OnboardingViewCell.swift */,
				E48242FB2BADD8DB003096CF /* TimerPickerView.swift */,
				E48242FD2BADD946003096CF /* TimerView.swift */,
			);
			path = View;
			sourceTree = "<group>";
		};
		E48242DE2BADCE4A003096CF /* Model */ = {
			isa = PBXGroup;
			children = (
				E4BF3B9C2BDFF247001CCC58 /* UserModel.swift */,
			);
			path = Model;
			sourceTree = "<group>";
		};
		E48242DF2BADCE5B003096CF /* ViewModel */ = {
			isa = PBXGroup;
			children = (
				E48242EF2BADD2A4003096CF /* CoreDataViewModel.swift */,
				E48242ED2BADD231003096CF /* JikanViewModel.swift */,
				E4BF3B4F2BDFEC97001CCC58 /* LoginViewModel.swift */,
				E4BF3BA02BE00208001CCC58 /* RegistrationViewModel.swift */,
				E48242EB2BADD1C3003096CF /* TImeViewModel.swift */,
				E48243012BADDD83003096CF /* delayEnum.swift */,
			);
			path = ViewModel;
			sourceTree = "<group>";
		};
		E4BF3B422BDFEA56001CCC58 /* Frameworks */ = {
			isa = PBXGroup;
			children = (
			);
			name = Frameworks;
			sourceTree = "<group>";
		};
		E4BF3B572BDFED70001CCC58 /* Service */ = {
			isa = PBXGroup;
			children = (
				E4BF3B582BDFEDA9001CCC58 /* AuthService.swift */,
				E4BF3B9A2BDFF1DD001CCC58 /* UserService.swift */,
			);
			path = Service;
			sourceTree = "<group>";
		};
		E4BF3BA22BE01BA1001CCC58 /* Root */ = {
			isa = PBXGroup;
			children = (
				E4BF3BA32BE01BD7001CCC58 /* LoginView.swift */,
				E4BF3B9E2BE00192001CCC58 /* RegistrationView.swift */,
				E4BF3BA52BE01EF9001CCC58 /* ResetPasswordView.swift */,
			);
			path = Root;
			sourceTree = "<group>";
		};
/* End PBXGroup section */

/* Begin PBXNativeTarget section */
		E48242AC2BADCD84003096CF /* ConstructionTimer V1.3 */ = {
			isa = PBXNativeTarget;
			buildConfigurationList = E48242D12BADCD86003096CF /* Build configuration list for PBXNativeTarget "ConstructionTimer V1.3" */;
			buildPhases = (
				E48242A92BADCD84003096CF /* Sources */,
				E48242AA2BADCD84003096CF /* Frameworks */,
				E48242AB2BADCD84003096CF /* Resources */,
			);
			buildRules = (
			);
			dependencies = (
			);
			name = "ConstructionTimer V1.3";
			packageProductDependencies = (
				E4BF3B5A2BDFEF10001CCC58 /* FirebaseAnalytics */,
				E4BF3B5C2BDFEF10001CCC58 /* FirebaseAnalyticsOnDeviceConversion */,
				E4BF3B5E2BDFEF10001CCC58 /* FirebaseAnalyticsSwift */,
				E4BF3B602BDFEF10001CCC58 /* FirebaseAnalyticsWithoutAdIdSupport */,
				E4BF3B622BDFEF10001CCC58 /* FirebaseAppCheck */,
				E4BF3B642BDFEF10001CCC58 /* FirebaseAppDistribution-Beta */,
				E4BF3B662BDFEF10001CCC58 /* FirebaseAuth */,
				E4BF3B682BDFEF10001CCC58 /* FirebaseAuthCombine-Community */,
				E4BF3B6A2BDFEF10001CCC58 /* FirebaseCrashlytics */,
				E4BF3B6C2BDFEF10001CCC58 /* FirebaseDatabase */,
				E4BF3B6E2BDFEF10001CCC58 /* FirebaseDatabaseSwift */,
				E4BF3B702BDFEF10001CCC58 /* FirebaseDynamicLinks */,
				E4BF3B722BDFEF10001CCC58 /* FirebaseFirestore */,
				E4BF3B742BDFEF10001CCC58 /* FirebaseFirestoreCombine-Community */,
				E4BF3B762BDFEF10001CCC58 /* FirebaseFirestoreSwift */,
				E4BF3B782BDFEF10001CCC58 /* FirebaseFunctions */,
				E4BF3B7A2BDFEF10001CCC58 /* FirebaseFunctionsCombine-Community */,
				E4BF3B7C2BDFEF10001CCC58 /* FirebaseInAppMessaging-Beta */,
				E4BF3B7E2BDFEF10001CCC58 /* FirebaseInAppMessagingSwift-Beta */,
				E4BF3B802BDFEF10001CCC58 /* FirebaseInstallations */,
				E4BF3B822BDFEF10001CCC58 /* FirebaseMLModelDownloader */,
				E4BF3B842BDFEF10001CCC58 /* FirebaseMessaging */,
				E4BF3B862BDFEF10001CCC58 /* FirebasePerformance */,
				E4BF3B882BDFEF10001CCC58 /* FirebaseRemoteConfig */,
				E4BF3B8A2BDFEF10001CCC58 /* FirebaseRemoteConfigSwift */,
				E4BF3B8C2BDFEF10001CCC58 /* FirebaseStorage */,
				E4BF3B8E2BDFEF10001CCC58 /* FirebaseStorageCombine-Community */,
				E4BF3B962BDFF0F3001CCC58 /* GoogleSignIn */,
				E4BF3B982BDFF0F3001CCC58 /* GoogleSignInSwift */,
			);
			productName = "ConstructionTimer V1.3";
			productReference = E48242AD2BADCD84003096CF /* ConstructionTimer V1.3.app */;
			productType = "com.apple.product-type.application";
		};
		E48242BC2BADCD85003096CF /* ConstructionTimer V1.3Tests */ = {
			isa = PBXNativeTarget;
			buildConfigurationList = E48242D42BADCD86003096CF /* Build configuration list for PBXNativeTarget "ConstructionTimer V1.3Tests" */;
			buildPhases = (
				E48242B92BADCD85003096CF /* Sources */,
				E48242BA2BADCD85003096CF /* Frameworks */,
				E48242BB2BADCD85003096CF /* Resources */,
			);
			buildRules = (
			);
			dependencies = (
				E48242BF2BADCD85003096CF /* PBXTargetDependency */,
			);
			name = "ConstructionTimer V1.3Tests";
			productName = "ConstructionTimer V1.3Tests";
			productReference = E48242BD2BADCD85003096CF /* ConstructionTimer V1.3Tests.xctest */;
			productType = "com.apple.product-type.bundle.unit-test";
		};
		E48242C62BADCD85003096CF /* ConstructionTimer V1.3UITests */ = {
			isa = PBXNativeTarget;
			buildConfigurationList = E48242D72BADCD86003096CF /* Build configuration list for PBXNativeTarget "ConstructionTimer V1.3UITests" */;
			buildPhases = (
				E48242C32BADCD85003096CF /* Sources */,
				E48242C42BADCD85003096CF /* Frameworks */,
				E48242C52BADCD85003096CF /* Resources */,
			);
			buildRules = (
			);
			dependencies = (
				E48242C92BADCD85003096CF /* PBXTargetDependency */,
			);
			name = "ConstructionTimer V1.3UITests";
			productName = "ConstructionTimer V1.3UITests";
			productReference = E48242C72BADCD85003096CF /* ConstructionTimer V1.3UITests.xctest */;
			productType = "com.apple.product-type.bundle.ui-testing";
		};
/* End PBXNativeTarget section */

/* Begin PBXProject section */
		E48242A52BADCD84003096CF /* Project object */ = {
			isa = PBXProject;
			attributes = {
				BuildIndependentTargetsInParallel = 1;
				LastSwiftUpdateCheck = 1510;
				LastUpgradeCheck = 1510;
				TargetAttributes = {
					E48242AC2BADCD84003096CF = {
						CreatedOnToolsVersion = 15.1;
					};
					E48242BC2BADCD85003096CF = {
						CreatedOnToolsVersion = 15.1;
						TestTargetID = E48242AC2BADCD84003096CF;
					};
					E48242C62BADCD85003096CF = {
						CreatedOnToolsVersion = 15.1;
						TestTargetID = E48242AC2BADCD84003096CF;
					};
				};
			};
			buildConfigurationList = E48242A82BADCD84003096CF /* Build configuration list for PBXProject "ConstructionTimer V1.3" */;
			compatibilityVersion = "Xcode 14.0";
			developmentRegion = en;
			hasScannedForEncodings = 0;
			knownRegions = (
				en,
				Base,
			);
			mainGroup = E48242A42BADCD84003096CF;
			packageReferences = (
				E4BF3B3F2BDFE8B7001CCC58 /* XCRemoteSwiftPackageReference "firebase-ios-sdk" */,
				E4BF3B952BDFF0F3001CCC58 /* XCRemoteSwiftPackageReference "GoogleSignIn-iOS" */,
			);
			productRefGroup = E48242AE2BADCD84003096CF /* Products */;
			projectDirPath = "";
			projectRoot = "";
			targets = (
				E48242AC2BADCD84003096CF /* ConstructionTimer V1.3 */,
				E48242BC2BADCD85003096CF /* ConstructionTimer V1.3Tests */,
				E48242C62BADCD85003096CF /* ConstructionTimer V1.3UITests */,
			);
		};
/* End PBXProject section */

/* Begin PBXResourcesBuildPhase section */
		E48242AB2BADCD84003096CF /* Resources */ = {
			isa = PBXResourcesBuildPhase;
			buildActionMask = 2147483647;
			files = (
				E48242B82BADCD85003096CF /* Preview Assets.xcassets in Resources */,
				E48242B52BADCD85003096CF /* Assets.xcassets in Resources */,
				E4BF3B4E2BDFEC2C001CCC58 /* GoogleService-Info.plist in Resources */,
			);
			runOnlyForDeploymentPostprocessing = 0;
		};
		E48242BB2BADCD85003096CF /* Resources */ = {
			isa = PBXResourcesBuildPhase;
			buildActionMask = 2147483647;
			files = (
			);
			runOnlyForDeploymentPostprocessing = 0;
		};
		E48242C52BADCD85003096CF /* Resources */ = {
			isa = PBXResourcesBuildPhase;
			buildActionMask = 2147483647;
			files = (
			);
			runOnlyForDeploymentPostprocessing = 0;
		};
/* End PBXResourcesBuildPhase section */

/* Begin PBXSourcesBuildPhase section */
		E48242A92BADCD84003096CF /* Sources */ = {
			isa = PBXSourcesBuildPhase;
			buildActionMask = 2147483647;
			files = (
				E49F8DE02BBF536600C642A1 /* UpdateDetailView.swift in Sources */,
				E48242EE2BADD231003096CF /* JikanViewModel.swift in Sources */,
				E48242B32BADCD84003096CF /* ContentView.swift in Sources */,
				E48242EC2BADD1C3003096CF /* TImeViewModel.swift in Sources */,
				E48242B12BADCD84003096CF /* ConstructionTimer_V1_3App.swift in Sources */,
				E49F8DDE2BBF4E0D00C642A1 /* CategoryCell.swift in Sources */,
				E48242E72BADCFF3003096CF /* TextFrameViewModifier.swift in Sources */,
				E48242F02BADD2A4003096CF /* CoreDataViewModel.swift in Sources */,
				E4BF3B502BDFEC97001CCC58 /* LoginViewModel.swift in Sources */,
				E48242F62BADD711003096CF /* JikanRing.swift in Sources */,
				E48242FE2BADD946003096CF /* TimerView.swift in Sources */,
				E48242EA2BADD07C003096CF /* CoreDataContainer.xcdatamodeld in Sources */,
				E48242F42BADD6D1003096CF /* NotificationCenter.swift in Sources */,
				E48243002BADDBFC003096CF /* JikanView.swift in Sources */,
				E48243082BADE4BD003096CF /* MainTabView.swift in Sources */,
				E48242FA2BADD808003096CF /* MessageView.swift in Sources */,
				E4BF3B9B2BDFF1DD001CCC58 /* UserService.swift in Sources */,
				E48243062BADE47A003096CF /* DelayListView.swift in Sources */,
				E438D69C2BB733D800BEC409 /* DelayRowView.swift in Sources */,
				E48242FC2BADD8DB003096CF /* TimerPickerView.swift in Sources */,
				E48242F82BADD7B2003096CF /* OnboardingViewCell.swift in Sources */,
				E48242E12BADCE8A003096CF /* ButtonStyleService.swift in Sources */,
				E438D69E2BB7383500BEC409 /* DelayRowListing.swift in Sources */,
				E48243022BADDD83003096CF /* delayEnum.swift in Sources */,
				E48242E52BADCF19003096CF /* AppDelegate.swift in Sources */,
				E48242F22BADD683003096CF /* ProgressRing.swift in Sources */,
				E48242E32BADCEE6003096CF /* VisualEffectBlur.swift in Sources */,
				E4BF3B9F2BE00192001CCC58 /* RegistrationView.swift in Sources */,
				E482430A2BADEA9F003096CF /* DelayListCell.swift in Sources */,
				E4BF3BA12BE00208001CCC58 /* RegistrationViewModel.swift in Sources */,
				E4BF3BA42BE01BD7001CCC58 /* LoginView.swift in Sources */,
				E4BF3B9D2BDFF247001CCC58 /* UserModel.swift in Sources */,
				E4BF3B592BDFEDA9001CCC58 /* AuthService.swift in Sources */,
				E4BF3BA62BE01EF9001CCC58 /* ResetPasswordView.swift in Sources */,
			);
			runOnlyForDeploymentPostprocessing = 0;
		};
		E48242B92BADCD85003096CF /* Sources */ = {
			isa = PBXSourcesBuildPhase;
			buildActionMask = 2147483647;
			files = (
				E48242C22BADCD85003096CF /* ConstructionTimer_V1_3Tests.swift in Sources */,
			);
			runOnlyForDeploymentPostprocessing = 0;
		};
		E48242C32BADCD85003096CF /* Sources */ = {
			isa = PBXSourcesBuildPhase;
			buildActionMask = 2147483647;
			files = (
				E48242CE2BADCD86003096CF /* ConstructionTimer_V1_3UITestsLaunchTests.swift in Sources */,
				E48242CC2BADCD86003096CF /* ConstructionTimer_V1_3UITests.swift in Sources */,
			);
			runOnlyForDeploymentPostprocessing = 0;
		};
/* End PBXSourcesBuildPhase section */

/* Begin PBXTargetDependency section */
		E48242BF2BADCD85003096CF /* PBXTargetDependency */ = {
			isa = PBXTargetDependency;
			target = E48242AC2BADCD84003096CF /* ConstructionTimer V1.3 */;
			targetProxy = E48242BE2BADCD85003096CF /* PBXContainerItemProxy */;
		};
		E48242C92BADCD85003096CF /* PBXTargetDependency */ = {
			isa = PBXTargetDependency;
			target = E48242AC2BADCD84003096CF /* ConstructionTimer V1.3 */;
			targetProxy = E48242C82BADCD85003096CF /* PBXContainerItemProxy */;
		};
/* End PBXTargetDependency section */

/* Begin XCBuildConfiguration section */
		E48242CF2BADCD86003096CF /* Debug */ = {
			isa = XCBuildConfiguration;
			buildSettings = {
				ALWAYS_SEARCH_USER_PATHS = NO;
				ASSETCATALOG_COMPILER_GENERATE_SWIFT_ASSET_SYMBOL_EXTENSIONS = YES;
				CLANG_ANALYZER_NONNULL = YES;
				CLANG_ANALYZER_NUMBER_OBJECT_CONVERSION = YES_AGGRESSIVE;
				CLANG_CXX_LANGUAGE_STANDARD = "gnu++20";
				CLANG_ENABLE_MODULES = YES;
				CLANG_ENABLE_OBJC_ARC = YES;
				CLANG_ENABLE_OBJC_WEAK = YES;
				CLANG_WARN_BLOCK_CAPTURE_AUTORELEASING = YES;
				CLANG_WARN_BOOL_CONVERSION = YES;
				CLANG_WARN_COMMA = YES;
				CLANG_WARN_CONSTANT_CONVERSION = YES;
				CLANG_WARN_DEPRECATED_OBJC_IMPLEMENTATIONS = YES;
				CLANG_WARN_DIRECT_OBJC_ISA_USAGE = YES_ERROR;
				CLANG_WARN_DOCUMENTATION_COMMENTS = YES;
				CLANG_WARN_EMPTY_BODY = YES;
				CLANG_WARN_ENUM_CONVERSION = YES;
				CLANG_WARN_INFINITE_RECURSION = YES;
				CLANG_WARN_INT_CONVERSION = YES;
				CLANG_WARN_NON_LITERAL_NULL_CONVERSION = YES;
				CLANG_WARN_OBJC_IMPLICIT_RETAIN_SELF = YES;
				CLANG_WARN_OBJC_LITERAL_CONVERSION = YES;
				CLANG_WARN_OBJC_ROOT_CLASS = YES_ERROR;
				CLANG_WARN_QUOTED_INCLUDE_IN_FRAMEWORK_HEADER = YES;
				CLANG_WARN_RANGE_LOOP_ANALYSIS = YES;
				CLANG_WARN_STRICT_PROTOTYPES = YES;
				CLANG_WARN_SUSPICIOUS_MOVE = YES;
				CLANG_WARN_UNGUARDED_AVAILABILITY = YES_AGGRESSIVE;
				CLANG_WARN_UNREACHABLE_CODE = YES;
				CLANG_WARN__DUPLICATE_METHOD_MATCH = YES;
				COPY_PHASE_STRIP = NO;
				DEBUG_INFORMATION_FORMAT = dwarf;
				ENABLE_STRICT_OBJC_MSGSEND = YES;
				ENABLE_TESTABILITY = YES;
				ENABLE_USER_SCRIPT_SANDBOXING = YES;
				GCC_C_LANGUAGE_STANDARD = gnu17;
				GCC_DYNAMIC_NO_PIC = NO;
				GCC_NO_COMMON_BLOCKS = YES;
				GCC_OPTIMIZATION_LEVEL = 0;
				GCC_PREPROCESSOR_DEFINITIONS = (
					"DEBUG=1",
					"$(inherited)",
				);
				GCC_WARN_64_TO_32_BIT_CONVERSION = YES;
				GCC_WARN_ABOUT_RETURN_TYPE = YES_ERROR;
				GCC_WARN_UNDECLARED_SELECTOR = YES;
				GCC_WARN_UNINITIALIZED_AUTOS = YES_AGGRESSIVE;
				GCC_WARN_UNUSED_FUNCTION = YES;
				GCC_WARN_UNUSED_VARIABLE = YES;
				IPHONEOS_DEPLOYMENT_TARGET = 17.0;
				LOCALIZATION_PREFERS_STRING_CATALOGS = YES;
				MTL_ENABLE_DEBUG_INFO = INCLUDE_SOURCE;
				MTL_FAST_MATH = YES;
				ONLY_ACTIVE_ARCH = YES;
				SDKROOT = iphoneos;
				SWIFT_ACTIVE_COMPILATION_CONDITIONS = "DEBUG $(inherited)";
				SWIFT_OPTIMIZATION_LEVEL = "-Onone";
			};
			name = Debug;
		};
		E48242D02BADCD86003096CF /* Release */ = {
			isa = XCBuildConfiguration;
			buildSettings = {
				ALWAYS_SEARCH_USER_PATHS = NO;
				ASSETCATALOG_COMPILER_GENERATE_SWIFT_ASSET_SYMBOL_EXTENSIONS = YES;
				CLANG_ANALYZER_NONNULL = YES;
				CLANG_ANALYZER_NUMBER_OBJECT_CONVERSION = YES_AGGRESSIVE;
				CLANG_CXX_LANGUAGE_STANDARD = "gnu++20";
				CLANG_ENABLE_MODULES = YES;
				CLANG_ENABLE_OBJC_ARC = YES;
				CLANG_ENABLE_OBJC_WEAK = YES;
				CLANG_WARN_BLOCK_CAPTURE_AUTORELEASING = YES;
				CLANG_WARN_BOOL_CONVERSION = YES;
				CLANG_WARN_COMMA = YES;
				CLANG_WARN_CONSTANT_CONVERSION = YES;
				CLANG_WARN_DEPRECATED_OBJC_IMPLEMENTATIONS = YES;
				CLANG_WARN_DIRECT_OBJC_ISA_USAGE = YES_ERROR;
				CLANG_WARN_DOCUMENTATION_COMMENTS = YES;
				CLANG_WARN_EMPTY_BODY = YES;
				CLANG_WARN_ENUM_CONVERSION = YES;
				CLANG_WARN_INFINITE_RECURSION = YES;
				CLANG_WARN_INT_CONVERSION = YES;
				CLANG_WARN_NON_LITERAL_NULL_CONVERSION = YES;
				CLANG_WARN_OBJC_IMPLICIT_RETAIN_SELF = YES;
				CLANG_WARN_OBJC_LITERAL_CONVERSION = YES;
				CLANG_WARN_OBJC_ROOT_CLASS = YES_ERROR;
				CLANG_WARN_QUOTED_INCLUDE_IN_FRAMEWORK_HEADER = YES;
				CLANG_WARN_RANGE_LOOP_ANALYSIS = YES;
				CLANG_WARN_STRICT_PROTOTYPES = YES;
				CLANG_WARN_SUSPICIOUS_MOVE = YES;
				CLANG_WARN_UNGUARDED_AVAILABILITY = YES_AGGRESSIVE;
				CLANG_WARN_UNREACHABLE_CODE = YES;
				CLANG_WARN__DUPLICATE_METHOD_MATCH = YES;
				COPY_PHASE_STRIP = NO;
				DEBUG_INFORMATION_FORMAT = "dwarf-with-dsym";
				ENABLE_NS_ASSERTIONS = NO;
				ENABLE_STRICT_OBJC_MSGSEND = YES;
				ENABLE_USER_SCRIPT_SANDBOXING = YES;
				GCC_C_LANGUAGE_STANDARD = gnu17;
				GCC_NO_COMMON_BLOCKS = YES;
				GCC_WARN_64_TO_32_BIT_CONVERSION = YES;
				GCC_WARN_ABOUT_RETURN_TYPE = YES_ERROR;
				GCC_WARN_UNDECLARED_SELECTOR = YES;
				GCC_WARN_UNINITIALIZED_AUTOS = YES_AGGRESSIVE;
				GCC_WARN_UNUSED_FUNCTION = YES;
				GCC_WARN_UNUSED_VARIABLE = YES;
				IPHONEOS_DEPLOYMENT_TARGET = 17.0;
				LOCALIZATION_PREFERS_STRING_CATALOGS = YES;
				MTL_ENABLE_DEBUG_INFO = NO;
				MTL_FAST_MATH = YES;
				SDKROOT = iphoneos;
				SWIFT_COMPILATION_MODE = wholemodule;
				VALIDATE_PRODUCT = YES;
			};
			name = Release;
		};
		E48242D22BADCD86003096CF /* Debug */ = {
			isa = XCBuildConfiguration;
			buildSettings = {
				ASSETCATALOG_COMPILER_APPICON_NAME = AppIcon;
				ASSETCATALOG_COMPILER_GLOBAL_ACCENT_COLOR_NAME = AccentColor;
				CODE_SIGN_STYLE = Automatic;
				CURRENT_PROJECT_VERSION = 1;
				DEVELOPMENT_ASSET_PATHS = "\"ConstructionTimer V1.3/Preview Content\"";
				DEVELOPMENT_TEAM = P245NB73JW;
				ENABLE_PREVIEWS = YES;
				GENERATE_INFOPLIST_FILE = YES;
				INFOPLIST_KEY_UIApplicationSceneManifest_Generation = YES;
				INFOPLIST_KEY_UIApplicationSupportsIndirectInputEvents = YES;
				INFOPLIST_KEY_UILaunchScreen_Generation = YES;
				INFOPLIST_KEY_UISupportedInterfaceOrientations_iPad = "UIInterfaceOrientationPortrait UIInterfaceOrientationPortraitUpsideDown UIInterfaceOrientationLandscapeLeft UIInterfaceOrientationLandscapeRight";
				INFOPLIST_KEY_UISupportedInterfaceOrientations_iPhone = "UIInterfaceOrientationPortrait UIInterfaceOrientationLandscapeLeft UIInterfaceOrientationLandscapeRight";
				IPHONEOS_DEPLOYMENT_TARGET = 17.0;
				LD_RUNPATH_SEARCH_PATHS = (
					"$(inherited)",
					"@executable_path/Frameworks",
				);
				MARKETING_VERSION = 1.0;
				PRODUCT_BUNDLE_IDENTIFIER = "com.ConstructionTimer-V1-3";
				PRODUCT_NAME = "$(TARGET_NAME)";
				SWIFT_EMIT_LOC_STRINGS = YES;
				SWIFT_VERSION = 5.0;
				TARGETED_DEVICE_FAMILY = "1,2";
			};
			name = Debug;
		};
		E48242D32BADCD86003096CF /* Release */ = {
			isa = XCBuildConfiguration;
			buildSettings = {
				ASSETCATALOG_COMPILER_APPICON_NAME = AppIcon;
				ASSETCATALOG_COMPILER_GLOBAL_ACCENT_COLOR_NAME = AccentColor;
				CODE_SIGN_STYLE = Automatic;
				CURRENT_PROJECT_VERSION = 1;
				DEVELOPMENT_ASSET_PATHS = "\"ConstructionTimer V1.3/Preview Content\"";
				DEVELOPMENT_TEAM = P245NB73JW;
				ENABLE_PREVIEWS = YES;
				GENERATE_INFOPLIST_FILE = YES;
				INFOPLIST_KEY_UIApplicationSceneManifest_Generation = YES;
				INFOPLIST_KEY_UIApplicationSupportsIndirectInputEvents = YES;
				INFOPLIST_KEY_UILaunchScreen_Generation = YES;
				INFOPLIST_KEY_UISupportedInterfaceOrientations_iPad = "UIInterfaceOrientationPortrait UIInterfaceOrientationPortraitUpsideDown UIInterfaceOrientationLandscapeLeft UIInterfaceOrientationLandscapeRight";
				INFOPLIST_KEY_UISupportedInterfaceOrientations_iPhone = "UIInterfaceOrientationPortrait UIInterfaceOrientationLandscapeLeft UIInterfaceOrientationLandscapeRight";
				IPHONEOS_DEPLOYMENT_TARGET = 17.0;
				LD_RUNPATH_SEARCH_PATHS = (
					"$(inherited)",
					"@executable_path/Frameworks",
				);
				MARKETING_VERSION = 1.0;
				PRODUCT_BUNDLE_IDENTIFIER = "com.ConstructionTimer-V1-3";
				PRODUCT_NAME = "$(TARGET_NAME)";
				SWIFT_EMIT_LOC_STRINGS = YES;
				SWIFT_VERSION = 5.0;
				TARGETED_DEVICE_FAMILY = "1,2";
			};
			name = Release;
		};
		E48242D52BADCD86003096CF /* Debug */ = {
			isa = XCBuildConfiguration;
			buildSettings = {
				ALWAYS_EMBED_SWIFT_STANDARD_LIBRARIES = YES;
				BUNDLE_LOADER = "$(TEST_HOST)";
				CODE_SIGN_STYLE = Automatic;
				CURRENT_PROJECT_VERSION = 1;
				DEVELOPMENT_TEAM = L8PB785BUK;
				GENERATE_INFOPLIST_FILE = YES;
				IPHONEOS_DEPLOYMENT_TARGET = 16.0;
				MARKETING_VERSION = 1.0;
				PRODUCT_BUNDLE_IDENTIFIER = "com.ConstructionTimer-V1-3Tests";
				PRODUCT_NAME = "$(TARGET_NAME)";
				SWIFT_EMIT_LOC_STRINGS = NO;
				SWIFT_VERSION = 5.0;
				TARGETED_DEVICE_FAMILY = "1,2";
				TEST_HOST = "$(BUILT_PRODUCTS_DIR)/ConstructionTimer V1.3.app/$(BUNDLE_EXECUTABLE_FOLDER_PATH)/ConstructionTimer V1.3";
			};
			name = Debug;
		};
		E48242D62BADCD86003096CF /* Release */ = {
			isa = XCBuildConfiguration;
			buildSettings = {
				ALWAYS_EMBED_SWIFT_STANDARD_LIBRARIES = YES;
				BUNDLE_LOADER = "$(TEST_HOST)";
				CODE_SIGN_STYLE = Automatic;
				CURRENT_PROJECT_VERSION = 1;
				DEVELOPMENT_TEAM = L8PB785BUK;
				GENERATE_INFOPLIST_FILE = YES;
				IPHONEOS_DEPLOYMENT_TARGET = 16.0;
				MARKETING_VERSION = 1.0;
				PRODUCT_BUNDLE_IDENTIFIER = "com.ConstructionTimer-V1-3Tests";
				PRODUCT_NAME = "$(TARGET_NAME)";
				SWIFT_EMIT_LOC_STRINGS = NO;
				SWIFT_VERSION = 5.0;
				TARGETED_DEVICE_FAMILY = "1,2";
				TEST_HOST = "$(BUILT_PRODUCTS_DIR)/ConstructionTimer V1.3.app/$(BUNDLE_EXECUTABLE_FOLDER_PATH)/ConstructionTimer V1.3";
			};
			name = Release;
		};
		E48242D82BADCD86003096CF /* Debug */ = {
			isa = XCBuildConfiguration;
			buildSettings = {
				ALWAYS_EMBED_SWIFT_STANDARD_LIBRARIES = YES;
				CODE_SIGN_STYLE = Automatic;
				CURRENT_PROJECT_VERSION = 1;
				DEVELOPMENT_TEAM = L8PB785BUK;
				GENERATE_INFOPLIST_FILE = YES;
				MARKETING_VERSION = 1.0;
				PRODUCT_BUNDLE_IDENTIFIER = "com.ConstructionTimer-V1-3UITests";
				PRODUCT_NAME = "$(TARGET_NAME)";
				SWIFT_EMIT_LOC_STRINGS = NO;
				SWIFT_VERSION = 5.0;
				TARGETED_DEVICE_FAMILY = "1,2";
				TEST_TARGET_NAME = "ConstructionTimer V1.3";
			};
			name = Debug;
		};
		E48242D92BADCD86003096CF /* Release */ = {
			isa = XCBuildConfiguration;
			buildSettings = {
				ALWAYS_EMBED_SWIFT_STANDARD_LIBRARIES = YES;
				CODE_SIGN_STYLE = Automatic;
				CURRENT_PROJECT_VERSION = 1;
				DEVELOPMENT_TEAM = L8PB785BUK;
				GENERATE_INFOPLIST_FILE = YES;
				MARKETING_VERSION = 1.0;
				PRODUCT_BUNDLE_IDENTIFIER = "com.ConstructionTimer-V1-3UITests";
				PRODUCT_NAME = "$(TARGET_NAME)";
				SWIFT_EMIT_LOC_STRINGS = NO;
				SWIFT_VERSION = 5.0;
				TARGETED_DEVICE_FAMILY = "1,2";
				TEST_TARGET_NAME = "ConstructionTimer V1.3";
			};
			name = Release;
		};
/* End XCBuildConfiguration section */

/* Begin XCConfigurationList section */
		E48242A82BADCD84003096CF /* Build configuration list for PBXProject "ConstructionTimer V1.3" */ = {
			isa = XCConfigurationList;
			buildConfigurations = (
				E48242CF2BADCD86003096CF /* Debug */,
				E48242D02BADCD86003096CF /* Release */,
			);
			defaultConfigurationIsVisible = 0;
			defaultConfigurationName = Release;
		};
		E48242D12BADCD86003096CF /* Build configuration list for PBXNativeTarget "ConstructionTimer V1.3" */ = {
			isa = XCConfigurationList;
			buildConfigurations = (
				E48242D22BADCD86003096CF /* Debug */,
				E48242D32BADCD86003096CF /* Release */,
			);
			defaultConfigurationIsVisible = 0;
			defaultConfigurationName = Release;
		};
		E48242D42BADCD86003096CF /* Build configuration list for PBXNativeTarget "ConstructionTimer V1.3Tests" */ = {
			isa = XCConfigurationList;
			buildConfigurations = (
				E48242D52BADCD86003096CF /* Debug */,
				E48242D62BADCD86003096CF /* Release */,
			);
			defaultConfigurationIsVisible = 0;
			defaultConfigurationName = Release;
		};
		E48242D72BADCD86003096CF /* Build configuration list for PBXNativeTarget "ConstructionTimer V1.3UITests" */ = {
			isa = XCConfigurationList;
			buildConfigurations = (
				E48242D82BADCD86003096CF /* Debug */,
				E48242D92BADCD86003096CF /* Release */,
			);
			defaultConfigurationIsVisible = 0;
			defaultConfigurationName = Release;
		};
/* End XCConfigurationList section */

/* Begin XCRemoteSwiftPackageReference section */
		E4BF3B3F2BDFE8B7001CCC58 /* XCRemoteSwiftPackageReference "firebase-ios-sdk" */ = {
			isa = XCRemoteSwiftPackageReference;
			repositoryURL = "https://github.com/firebase/firebase-ios-sdk";
			requirement = {
				kind = upToNextMajorVersion;
				minimumVersion = 10.24.0;
			};
		};
		E4BF3B952BDFF0F3001CCC58 /* XCRemoteSwiftPackageReference "GoogleSignIn-iOS" */ = {
			isa = XCRemoteSwiftPackageReference;
			repositoryURL = "https://github.com/google/GoogleSignIn-iOS";
			requirement = {
				kind = upToNextMajorVersion;
				minimumVersion = 7.1.0;
			};
		};
/* End XCRemoteSwiftPackageReference section */

/* Begin XCSwiftPackageProductDependency section */
		E4BF3B5A2BDFEF10001CCC58 /* FirebaseAnalytics */ = {
			isa = XCSwiftPackageProductDependency;
			package = E4BF3B3F2BDFE8B7001CCC58 /* XCRemoteSwiftPackageReference "firebase-ios-sdk" */;
			productName = FirebaseAnalytics;
		};
		E4BF3B5C2BDFEF10001CCC58 /* FirebaseAnalyticsOnDeviceConversion */ = {
			isa = XCSwiftPackageProductDependency;
			package = E4BF3B3F2BDFE8B7001CCC58 /* XCRemoteSwiftPackageReference "firebase-ios-sdk" */;
			productName = FirebaseAnalyticsOnDeviceConversion;
		};
		E4BF3B5E2BDFEF10001CCC58 /* FirebaseAnalyticsSwift */ = {
			isa = XCSwiftPackageProductDependency;
			package = E4BF3B3F2BDFE8B7001CCC58 /* XCRemoteSwiftPackageReference "firebase-ios-sdk" */;
			productName = FirebaseAnalyticsSwift;
		};
		E4BF3B602BDFEF10001CCC58 /* FirebaseAnalyticsWithoutAdIdSupport */ = {
			isa = XCSwiftPackageProductDependency;
			package = E4BF3B3F2BDFE8B7001CCC58 /* XCRemoteSwiftPackageReference "firebase-ios-sdk" */;
			productName = FirebaseAnalyticsWithoutAdIdSupport;
		};
		E4BF3B622BDFEF10001CCC58 /* FirebaseAppCheck */ = {
			isa = XCSwiftPackageProductDependency;
			package = E4BF3B3F2BDFE8B7001CCC58 /* XCRemoteSwiftPackageReference "firebase-ios-sdk" */;
			productName = FirebaseAppCheck;
		};
		E4BF3B642BDFEF10001CCC58 /* FirebaseAppDistribution-Beta */ = {
			isa = XCSwiftPackageProductDependency;
			package = E4BF3B3F2BDFE8B7001CCC58 /* XCRemoteSwiftPackageReference "firebase-ios-sdk" */;
			productName = "FirebaseAppDistribution-Beta";
		};
		E4BF3B662BDFEF10001CCC58 /* FirebaseAuth */ = {
			isa = XCSwiftPackageProductDependency;
			package = E4BF3B3F2BDFE8B7001CCC58 /* XCRemoteSwiftPackageReference "firebase-ios-sdk" */;
			productName = FirebaseAuth;
		};
		E4BF3B682BDFEF10001CCC58 /* FirebaseAuthCombine-Community */ = {
			isa = XCSwiftPackageProductDependency;
			package = E4BF3B3F2BDFE8B7001CCC58 /* XCRemoteSwiftPackageReference "firebase-ios-sdk" */;
			productName = "FirebaseAuthCombine-Community";
		};
		E4BF3B6A2BDFEF10001CCC58 /* FirebaseCrashlytics */ = {
			isa = XCSwiftPackageProductDependency;
			package = E4BF3B3F2BDFE8B7001CCC58 /* XCRemoteSwiftPackageReference "firebase-ios-sdk" */;
			productName = FirebaseCrashlytics;
		};
		E4BF3B6C2BDFEF10001CCC58 /* FirebaseDatabase */ = {
			isa = XCSwiftPackageProductDependency;
			package = E4BF3B3F2BDFE8B7001CCC58 /* XCRemoteSwiftPackageReference "firebase-ios-sdk" */;
			productName = FirebaseDatabase;
		};
		E4BF3B6E2BDFEF10001CCC58 /* FirebaseDatabaseSwift */ = {
			isa = XCSwiftPackageProductDependency;
			package = E4BF3B3F2BDFE8B7001CCC58 /* XCRemoteSwiftPackageReference "firebase-ios-sdk" */;
			productName = FirebaseDatabaseSwift;
		};
		E4BF3B702BDFEF10001CCC58 /* FirebaseDynamicLinks */ = {
			isa = XCSwiftPackageProductDependency;
			package = E4BF3B3F2BDFE8B7001CCC58 /* XCRemoteSwiftPackageReference "firebase-ios-sdk" */;
			productName = FirebaseDynamicLinks;
		};
		E4BF3B722BDFEF10001CCC58 /* FirebaseFirestore */ = {
			isa = XCSwiftPackageProductDependency;
			package = E4BF3B3F2BDFE8B7001CCC58 /* XCRemoteSwiftPackageReference "firebase-ios-sdk" */;
			productName = FirebaseFirestore;
		};
		E4BF3B742BDFEF10001CCC58 /* FirebaseFirestoreCombine-Community */ = {
			isa = XCSwiftPackageProductDependency;
			package = E4BF3B3F2BDFE8B7001CCC58 /* XCRemoteSwiftPackageReference "firebase-ios-sdk" */;
			productName = "FirebaseFirestoreCombine-Community";
		};
		E4BF3B762BDFEF10001CCC58 /* FirebaseFirestoreSwift */ = {
			isa = XCSwiftPackageProductDependency;
			package = E4BF3B3F2BDFE8B7001CCC58 /* XCRemoteSwiftPackageReference "firebase-ios-sdk" */;
			productName = FirebaseFirestoreSwift;
		};
		E4BF3B782BDFEF10001CCC58 /* FirebaseFunctions */ = {
			isa = XCSwiftPackageProductDependency;
			package = E4BF3B3F2BDFE8B7001CCC58 /* XCRemoteSwiftPackageReference "firebase-ios-sdk" */;
			productName = FirebaseFunctions;
		};
		E4BF3B7A2BDFEF10001CCC58 /* FirebaseFunctionsCombine-Community */ = {
			isa = XCSwiftPackageProductDependency;
			package = E4BF3B3F2BDFE8B7001CCC58 /* XCRemoteSwiftPackageReference "firebase-ios-sdk" */;
			productName = "FirebaseFunctionsCombine-Community";
		};
		E4BF3B7C2BDFEF10001CCC58 /* FirebaseInAppMessaging-Beta */ = {
			isa = XCSwiftPackageProductDependency;
			package = E4BF3B3F2BDFE8B7001CCC58 /* XCRemoteSwiftPackageReference "firebase-ios-sdk" */;
			productName = "FirebaseInAppMessaging-Beta";
		};
		E4BF3B7E2BDFEF10001CCC58 /* FirebaseInAppMessagingSwift-Beta */ = {
			isa = XCSwiftPackageProductDependency;
			package = E4BF3B3F2BDFE8B7001CCC58 /* XCRemoteSwiftPackageReference "firebase-ios-sdk" */;
			productName = "FirebaseInAppMessagingSwift-Beta";
		};
		E4BF3B802BDFEF10001CCC58 /* FirebaseInstallations */ = {
			isa = XCSwiftPackageProductDependency;
			package = E4BF3B3F2BDFE8B7001CCC58 /* XCRemoteSwiftPackageReference "firebase-ios-sdk" */;
			productName = FirebaseInstallations;
		};
		E4BF3B822BDFEF10001CCC58 /* FirebaseMLModelDownloader */ = {
			isa = XCSwiftPackageProductDependency;
			package = E4BF3B3F2BDFE8B7001CCC58 /* XCRemoteSwiftPackageReference "firebase-ios-sdk" */;
			productName = FirebaseMLModelDownloader;
		};
		E4BF3B842BDFEF10001CCC58 /* FirebaseMessaging */ = {
			isa = XCSwiftPackageProductDependency;
			package = E4BF3B3F2BDFE8B7001CCC58 /* XCRemoteSwiftPackageReference "firebase-ios-sdk" */;
			productName = FirebaseMessaging;
		};
		E4BF3B862BDFEF10001CCC58 /* FirebasePerformance */ = {
			isa = XCSwiftPackageProductDependency;
			package = E4BF3B3F2BDFE8B7001CCC58 /* XCRemoteSwiftPackageReference "firebase-ios-sdk" */;
			productName = FirebasePerformance;
		};
		E4BF3B882BDFEF10001CCC58 /* FirebaseRemoteConfig */ = {
			isa = XCSwiftPackageProductDependency;
			package = E4BF3B3F2BDFE8B7001CCC58 /* XCRemoteSwiftPackageReference "firebase-ios-sdk" */;
			productName = FirebaseRemoteConfig;
		};
		E4BF3B8A2BDFEF10001CCC58 /* FirebaseRemoteConfigSwift */ = {
			isa = XCSwiftPackageProductDependency;
			package = E4BF3B3F2BDFE8B7001CCC58 /* XCRemoteSwiftPackageReference "firebase-ios-sdk" */;
			productName = FirebaseRemoteConfigSwift;
		};
		E4BF3B8C2BDFEF10001CCC58 /* FirebaseStorage */ = {
			isa = XCSwiftPackageProductDependency;
			package = E4BF3B3F2BDFE8B7001CCC58 /* XCRemoteSwiftPackageReference "firebase-ios-sdk" */;
			productName = FirebaseStorage;
		};
		E4BF3B8E2BDFEF10001CCC58 /* FirebaseStorageCombine-Community */ = {
			isa = XCSwiftPackageProductDependency;
			package = E4BF3B3F2BDFE8B7001CCC58 /* XCRemoteSwiftPackageReference "firebase-ios-sdk" */;
			productName = "FirebaseStorageCombine-Community";
		};
		E4BF3B962BDFF0F3001CCC58 /* GoogleSignIn */ = {
			isa = XCSwiftPackageProductDependency;
			package = E4BF3B952BDFF0F3001CCC58 /* XCRemoteSwiftPackageReference "GoogleSignIn-iOS" */;
			productName = GoogleSignIn;
		};
		E4BF3B982BDFF0F3001CCC58 /* GoogleSignInSwift */ = {
			isa = XCSwiftPackageProductDependency;
			package = E4BF3B952BDFF0F3001CCC58 /* XCRemoteSwiftPackageReference "GoogleSignIn-iOS" */;
			productName = GoogleSignInSwift;
		};
/* End XCSwiftPackageProductDependency section */

/* Begin XCVersionGroup section */
		E48242E82BADD07C003096CF /* CoreDataContainer.xcdatamodeld */ = {
			isa = XCVersionGroup;
			children = (
				E48242E92BADD07C003096CF /* CoreDataContainer.xcdatamodel */,
			);
			currentVersion = E48242E92BADD07C003096CF /* CoreDataContainer.xcdatamodel */;
			path = CoreDataContainer.xcdatamodeld;
			sourceTree = "<group>";
			versionGroupType = wrapper.xcdatamodel;
		};
/* End XCVersionGroup section */
	};
	rootObject = E48242A52BADCD84003096CF /* Project object */;
}
